// !$*UTF8*$!
{
	archiveVersion = 1;
	classes = {
	};
	objectVersion = 50;
	objects = {

/* Begin PBXBuildFile section */
		4FE4473222F26C87002F525A /* AppDelegate.swift in Sources */ = {isa = PBXBuildFile; fileRef = 4FE4473122F26C87002F525A /* AppDelegate.swift */; };
		4FE4473422F26C87002F525A /* ViewController.swift in Sources */ = {isa = PBXBuildFile; fileRef = 4FE4473322F26C87002F525A /* ViewController.swift */; };
		4FE4473722F26C87002F525A /* Main.storyboard in Resources */ = {isa = PBXBuildFile; fileRef = 4FE4473522F26C87002F525A /* Main.storyboard */; };
		4FE4473A22F26C87002F525A /* pinnacles.xcdatamodeld in Sources */ = {isa = PBXBuildFile; fileRef = 4FE4473822F26C87002F525A /* pinnacles.xcdatamodeld */; };
		4FE4473C22F26C88002F525A /* Assets.xcassets in Resources */ = {isa = PBXBuildFile; fileRef = 4FE4473B22F26C88002F525A /* Assets.xcassets */; };
		4FE4473F22F26C88002F525A /* LaunchScreen.storyboard in Resources */ = {isa = PBXBuildFile; fileRef = 4FE4473D22F26C88002F525A /* LaunchScreen.storyboard */; };
		4FE4474A22F26C88002F525A /* pinnaclesTests.swift in Sources */ = {isa = PBXBuildFile; fileRef = 4FE4474922F26C88002F525A /* pinnaclesTests.swift */; };
		4FE4475522F26C88002F525A /* pinnaclesUITests.swift in Sources */ = {isa = PBXBuildFile; fileRef = 4FE4475422F26C88002F525A /* pinnaclesUITests.swift */; };
/* End PBXBuildFile section */

/* Begin PBXContainerItemProxy section */
		4FE4474622F26C88002F525A /* PBXContainerItemProxy */ = {
			isa = PBXContainerItemProxy;
			containerPortal = 4FE4472622F26C87002F525A /* Project object */;
			proxyType = 1;
			remoteGlobalIDString = 4FE4472D22F26C87002F525A;
			remoteInfo = "pinnacles personal workspace";
		};
		4FE4475122F26C88002F525A /* PBXContainerItemProxy */ = {
			isa = PBXContainerItemProxy;
			containerPortal = 4FE4472622F26C87002F525A /* Project object */;
			proxyType = 1;
			remoteGlobalIDString = 4FE4472D22F26C87002F525A;
			remoteInfo = "pinnacles personal workspace";
		};
/* End PBXContainerItemProxy section */

/* Begin PBXFileReference section */
		4FE4472E22F26C87002F525A /* pinnacles.app */ = {isa = PBXFileReference; explicitFileType = wrapper.application; includeInIndex = 0; path = pinnacles.app; sourceTree = BUILT_PRODUCTS_DIR; };
		4FE4473122F26C87002F525A /* AppDelegate.swift */ = {isa = PBXFileReference; lastKnownFileType = sourcecode.swift; path = AppDelegate.swift; sourceTree = "<group>"; };
		4FE4473322F26C87002F525A /* ViewController.swift */ = {isa = PBXFileReference; lastKnownFileType = sourcecode.swift; path = ViewController.swift; sourceTree = "<group>"; };
		4FE4473622F26C87002F525A /* Base */ = {isa = PBXFileReference; lastKnownFileType = file.storyboard; name = Base; path = Base.lproj/Main.storyboard; sourceTree = "<group>"; };
		4FE4473922F26C87002F525A /* pinnacles.xcdatamodel */ = {isa = PBXFileReference; lastKnownFileType = wrapper.xcdatamodel; path = pinnacles.xcdatamodel; sourceTree = "<group>"; };
		4FE4473B22F26C88002F525A /* Assets.xcassets */ = {isa = PBXFileReference; lastKnownFileType = folder.assetcatalog; path = Assets.xcassets; sourceTree = "<group>"; };
		4FE4473E22F26C88002F525A /* Base */ = {isa = PBXFileReference; lastKnownFileType = file.storyboard; name = Base; path = Base.lproj/LaunchScreen.storyboard; sourceTree = "<group>"; };
		4FE4474022F26C88002F525A /* Info.plist */ = {isa = PBXFileReference; lastKnownFileType = text.plist.xml; path = Info.plist; sourceTree = "<group>"; };
		4FE4474522F26C88002F525A /* pinnaclesTests.xctest */ = {isa = PBXFileReference; explicitFileType = wrapper.cfbundle; includeInIndex = 0; path = pinnaclesTests.xctest; sourceTree = BUILT_PRODUCTS_DIR; };
		4FE4474922F26C88002F525A /* pinnaclesTests.swift */ = {isa = PBXFileReference; lastKnownFileType = sourcecode.swift; path = pinnaclesTests.swift; sourceTree = "<group>"; };
		4FE4474B22F26C88002F525A /* Info.plist */ = {isa = PBXFileReference; lastKnownFileType = text.plist.xml; path = Info.plist; sourceTree = "<group>"; };
		4FE4475022F26C88002F525A /* pinnaclesUITests.xctest */ = {isa = PBXFileReference; explicitFileType = wrapper.cfbundle; includeInIndex = 0; path = pinnaclesUITests.xctest; sourceTree = BUILT_PRODUCTS_DIR; };
		4FE4475422F26C88002F525A /* pinnaclesUITests.swift */ = {isa = PBXFileReference; lastKnownFileType = sourcecode.swift; path = pinnaclesUITests.swift; sourceTree = "<group>"; };
		4FE4475622F26C88002F525A /* Info.plist */ = {isa = PBXFileReference; lastKnownFileType = text.plist.xml; path = Info.plist; sourceTree = "<group>"; };
/* End PBXFileReference section */

/* Begin PBXFrameworksBuildPhase section */
		4FE4472B22F26C87002F525A /* Frameworks */ = {
			isa = PBXFrameworksBuildPhase;
			buildActionMask = 2147483647;
			files = (
			);
			runOnlyForDeploymentPostprocessing = 0;
		};
		4FE4474222F26C88002F525A /* Frameworks */ = {
			isa = PBXFrameworksBuildPhase;
			buildActionMask = 2147483647;
			files = (
			);
			runOnlyForDeploymentPostprocessing = 0;
		};
		4FE4474D22F26C88002F525A /* Frameworks */ = {
			isa = PBXFrameworksBuildPhase;
			buildActionMask = 2147483647;
			files = (
			);
			runOnlyForDeploymentPostprocessing = 0;
		};
/* End PBXFrameworksBuildPhase section */

/* Begin PBXGroup section */
		4FE4472522F26C87002F525A = {
			isa = PBXGroup;
			children = (
				4FE4473022F26C87002F525A /* pinnacles */,
				4FE4474822F26C88002F525A /* pinnaclesTests */,
				4FE4475322F26C88002F525A /* pinnaclesUITests */,
				4FE4472F22F26C87002F525A /* Products */,
			);
			sourceTree = "<group>";
		};
		4FE4472F22F26C87002F525A /* Products */ = {
			isa = PBXGroup;
			children = (
				4FE4472E22F26C87002F525A /* pinnacles.app */,
				4FE4474522F26C88002F525A /* pinnaclesTests.xctest */,
				4FE4475022F26C88002F525A /* pinnaclesUITests.xctest */,
			);
			name = Products;
			sourceTree = "<group>";
		};
		4FE4473022F26C87002F525A /* pinnacles */ = {
			isa = PBXGroup;
			children = (
				4FE4473122F26C87002F525A /* AppDelegate.swift */,
				4FE4473322F26C87002F525A /* ViewController.swift */,
				4FE4473522F26C87002F525A /* Main.storyboard */,
				4FE4473B22F26C88002F525A /* Assets.xcassets */,
				4FE4473D22F26C88002F525A /* LaunchScreen.storyboard */,
				4FE4474022F26C88002F525A /* Info.plist */,
				4FE4473822F26C87002F525A /* pinnacles.xcdatamodeld */,
			);
			path = pinnacles;
			sourceTree = "<group>";
		};
		4FE4474822F26C88002F525A /* pinnaclesTests */ = {
			isa = PBXGroup;
			children = (
				4FE4474922F26C88002F525A /* pinnaclesTests.swift */,
				4FE4474B22F26C88002F525A /* Info.plist */,
			);
			path = pinnaclesTests;
			sourceTree = "<group>";
		};
		4FE4475322F26C88002F525A /* pinnaclesUITests */ = {
			isa = PBXGroup;
			children = (
				4FE4475422F26C88002F525A /* pinnaclesUITests.swift */,
				4FE4475622F26C88002F525A /* Info.plist */,
			);
			path = pinnaclesUITests;
			sourceTree = "<group>";
		};
/* End PBXGroup section */

/* Begin PBXNativeTarget section */
		4FE4472D22F26C87002F525A /* pinnacles */ = {
			isa = PBXNativeTarget;
			buildConfigurationList = 4FE4475922F26C88002F525A /* Build configuration list for PBXNativeTarget "pinnacles" */;
			buildPhases = (
				4FE4472A22F26C87002F525A /* Sources */,
				4FE4472B22F26C87002F525A /* Frameworks */,
				4FE4472C22F26C87002F525A /* Resources */,
			);
			buildRules = (
			);
			dependencies = (
			);
			name = pinnacles;
			productName = "pinnacles personal workspace";
			productReference = 4FE4472E22F26C87002F525A /* pinnacles.app */;
			productType = "com.apple.product-type.application";
		};
		4FE4474422F26C88002F525A /* pinnaclesTests */ = {
			isa = PBXNativeTarget;
			buildConfigurationList = 4FE4475C22F26C88002F525A /* Build configuration list for PBXNativeTarget "pinnaclesTests" */;
			buildPhases = (
				4FE4474122F26C88002F525A /* Sources */,
				4FE4474222F26C88002F525A /* Frameworks */,
				4FE4474322F26C88002F525A /* Resources */,
			);
			buildRules = (
			);
			dependencies = (
				4FE4474722F26C88002F525A /* PBXTargetDependency */,
			);
			name = pinnaclesTests;
			productName = "pinnacles personal workspaceTests";
			productReference = 4FE4474522F26C88002F525A /* pinnaclesTests.xctest */;
			productType = "com.apple.product-type.bundle.unit-test";
		};
		4FE4474F22F26C88002F525A /* pinnaclesUITests */ = {
			isa = PBXNativeTarget;
			buildConfigurationList = 4FE4475F22F26C88002F525A /* Build configuration list for PBXNativeTarget "pinnaclesUITests" */;
			buildPhases = (
				4FE4474C22F26C88002F525A /* Sources */,
				4FE4474D22F26C88002F525A /* Frameworks */,
				4FE4474E22F26C88002F525A /* Resources */,
			);
			buildRules = (
			);
			dependencies = (
				4FE4475222F26C88002F525A /* PBXTargetDependency */,
			);
			name = pinnaclesUITests;
			productName = "pinnacles personal workspaceUITests";
			productReference = 4FE4475022F26C88002F525A /* pinnaclesUITests.xctest */;
			productType = "com.apple.product-type.bundle.ui-testing";
		};
/* End PBXNativeTarget section */

/* Begin PBXProject section */
		4FE4472622F26C87002F525A /* Project object */ = {
			isa = PBXProject;
			attributes = {
				LastSwiftUpdateCheck = 1030;
				LastUpgradeCheck = 1030;
				ORGANIZATIONNAME = "E<Z<>";
				TargetAttributes = {
					4FE4472D22F26C87002F525A = {
						CreatedOnToolsVersion = 10.3;
					};
					4FE4474422F26C88002F525A = {
						CreatedOnToolsVersion = 10.3;
						TestTargetID = 4FE4472D22F26C87002F525A;
					};
					4FE4474F22F26C88002F525A = {
						CreatedOnToolsVersion = 10.3;
						TestTargetID = 4FE4472D22F26C87002F525A;
					};
				};
			};
			buildConfigurationList = 4FE4472922F26C87002F525A /* Build configuration list for PBXProject "pinnacles" */;
			compatibilityVersion = "Xcode 9.3";
			developmentRegion = en;
			hasScannedForEncodings = 0;
			knownRegions = (
				en,
				Base,
			);
			mainGroup = 4FE4472522F26C87002F525A;
			productRefGroup = 4FE4472F22F26C87002F525A /* Products */;
			projectDirPath = "";
			projectRoot = "";
			targets = (
				4FE4472D22F26C87002F525A /* pinnacles */,
				4FE4474422F26C88002F525A /* pinnaclesTests */,
				4FE4474F22F26C88002F525A /* pinnaclesUITests */,
			);
		};
/* End PBXProject section */

/* Begin PBXResourcesBuildPhase section */
		4FE4472C22F26C87002F525A /* Resources */ = {
			isa = PBXResourcesBuildPhase;
			buildActionMask = 2147483647;
			files = (
				4FE4473F22F26C88002F525A /* LaunchScreen.storyboard in Resources */,
				4FE4473C22F26C88002F525A /* Assets.xcassets in Resources */,
				4FE4473722F26C87002F525A /* Main.storyboard in Resources */,
			);
			runOnlyForDeploymentPostprocessing = 0;
		};
		4FE4474322F26C88002F525A /* Resources */ = {
			isa = PBXResourcesBuildPhase;
			buildActionMask = 2147483647;
			files = (
			);
			runOnlyForDeploymentPostprocessing = 0;
		};
		4FE4474E22F26C88002F525A /* Resources */ = {
			isa = PBXResourcesBuildPhase;
			buildActionMask = 2147483647;
			files = (
			);
			runOnlyForDeploymentPostprocessing = 0;
		};
/* End PBXResourcesBuildPhase section */

/* Begin PBXSourcesBuildPhase section */
		4FE4472A22F26C87002F525A /* Sources */ = {
			isa = PBXSourcesBuildPhase;
			buildActionMask = 2147483647;
			files = (
				4FE4473422F26C87002F525A /* ViewController.swift in Sources */,
				4FE4473222F26C87002F525A /* AppDelegate.swift in Sources */,
				4FE4473A22F26C87002F525A /* pinnacles.xcdatamodeld in Sources */,
			);
			runOnlyForDeploymentPostprocessing = 0;
		};
		4FE4474122F26C88002F525A /* Sources */ = {
			isa = PBXSourcesBuildPhase;
			buildActionMask = 2147483647;
			files = (
				4FE4474A22F26C88002F525A /* pinnaclesTests.swift in Sources */,
			);
			runOnlyForDeploymentPostprocessing = 0;
		};
		4FE4474C22F26C88002F525A /* Sources */ = {
			isa = PBXSourcesBuildPhase;
			buildActionMask = 2147483647;
			files = (
				4FE4475522F26C88002F525A /* pinnaclesUITests.swift in Sources */,
			);
			runOnlyForDeploymentPostprocessing = 0;
		};
/* End PBXSourcesBuildPhase section */

/* Begin PBXTargetDependency section */
		4FE4474722F26C88002F525A /* PBXTargetDependency */ = {
			isa = PBXTargetDependency;
			target = 4FE4472D22F26C87002F525A /* pinnacles */;
			targetProxy = 4FE4474622F26C88002F525A /* PBXContainerItemProxy */;
		};
		4FE4475222F26C88002F525A /* PBXTargetDependency */ = {
			isa = PBXTargetDependency;
			target = 4FE4472D22F26C87002F525A /* pinnacles */;
			targetProxy = 4FE4475122F26C88002F525A /* PBXContainerItemProxy */;
		};
/* End PBXTargetDependency section */

/* Begin PBXVariantGroup section */
		4FE4473522F26C87002F525A /* Main.storyboard */ = {
			isa = PBXVariantGroup;
			children = (
				4FE4473622F26C87002F525A /* Base */,
			);
			name = Main.storyboard;
			sourceTree = "<group>";
		};
		4FE4473D22F26C88002F525A /* LaunchScreen.storyboard */ = {
			isa = PBXVariantGroup;
			children = (
				4FE4473E22F26C88002F525A /* Base */,
			);
			name = LaunchScreen.storyboard;
			sourceTree = "<group>";
		};
/* End PBXVariantGroup section */

/* Begin XCBuildConfiguration section */
		4FE4475722F26C88002F525A /* Debug */ = {
			isa = XCBuildConfiguration;
			buildSettings = {
				ALWAYS_SEARCH_USER_PATHS = NO;
				CLANG_ANALYZER_NONNULL = YES;
				CLANG_ANALYZER_NUMBER_OBJECT_CONVERSION = YES_AGGRESSIVE;
				CLANG_CXX_LANGUAGE_STANDARD = "gnu++14";
				CLANG_CXX_LIBRARY = "libc++";
				CLANG_ENABLE_MODULES = YES;
				CLANG_ENABLE_OBJC_ARC = YES;
				CLANG_ENABLE_OBJC_WEAK = YES;
				CLANG_WARN_BLOCK_CAPTURE_AUTORELEASING = YES;
				CLANG_WARN_BOOL_CONVERSION = YES;
				CLANG_WARN_COMMA = YES;
				CLANG_WARN_CONSTANT_CONVERSION = YES;
				CLANG_WARN_DEPRECATED_OBJC_IMPLEMENTATIONS = YES;
				CLANG_WARN_DIRECT_OBJC_ISA_USAGE = YES_ERROR;
				CLANG_WARN_DOCUMENTATION_COMMENTS = YES;
				CLANG_WARN_EMPTY_BODY = YES;
				CLANG_WARN_ENUM_CONVERSION = YES;
				CLANG_WARN_INFINITE_RECURSION = YES;
				CLANG_WARN_INT_CONVERSION = YES;
				CLANG_WARN_NON_LITERAL_NULL_CONVERSION = YES;
				CLANG_WARN_OBJC_IMPLICIT_RETAIN_SELF = YES;
				CLANG_WARN_OBJC_LITERAL_CONVERSION = YES;
				CLANG_WARN_OBJC_ROOT_CLASS = YES_ERROR;
				CLANG_WARN_RANGE_LOOP_ANALYSIS = YES;
				CLANG_WARN_STRICT_PROTOTYPES = YES;
				CLANG_WARN_SUSPICIOUS_MOVE = YES;
				CLANG_WARN_UNGUARDED_AVAILABILITY = YES_AGGRESSIVE;
				CLANG_WARN_UNREACHABLE_CODE = YES;
				CLANG_WARN__DUPLICATE_METHOD_MATCH = YES;
				CODE_SIGN_IDENTITY = "iPhone Developer";
				COPY_PHASE_STRIP = NO;
				DEBUG_INFORMATION_FORMAT = dwarf;
				ENABLE_STRICT_OBJC_MSGSEND = YES;
				ENABLE_TESTABILITY = YES;
				GCC_C_LANGUAGE_STANDARD = gnu11;
				GCC_DYNAMIC_NO_PIC = NO;
				GCC_NO_COMMON_BLOCKS = YES;
				GCC_OPTIMIZATION_LEVEL = 0;
				GCC_PREPROCESSOR_DEFINITIONS = (
					"DEBUG=1",
					"$(inherited)",
				);
				GCC_WARN_64_TO_32_BIT_CONVERSION = YES;
				GCC_WARN_ABOUT_RETURN_TYPE = YES_ERROR;
				GCC_WARN_UNDECLARED_SELECTOR = YES;
				GCC_WARN_UNINITIALIZED_AUTOS = YES_AGGRESSIVE;
				GCC_WARN_UNUSED_FUNCTION = YES;
				GCC_WARN_UNUSED_VARIABLE = YES;
				IPHONEOS_DEPLOYMENT_TARGET = 12.4;
				MTL_ENABLE_DEBUG_INFO = INCLUDE_SOURCE;
				MTL_FAST_MATH = YES;
				ONLY_ACTIVE_ARCH = YES;
				SDKROOT = iphoneos;
				SWIFT_ACTIVE_COMPILATION_CONDITIONS = DEBUG;
				SWIFT_OPTIMIZATION_LEVEL = "-Onone";
			};
			name = Debug;
		};
		4FE4475822F26C88002F525A /* Release */ = {
			isa = XCBuildConfiguration;
			buildSettings = {
				ALWAYS_SEARCH_USER_PATHS = NO;
				CLANG_ANALYZER_NONNULL = YES;
				CLANG_ANALYZER_NUMBER_OBJECT_CONVERSION = YES_AGGRESSIVE;
				CLANG_CXX_LANGUAGE_STANDARD = "gnu++14";
				CLANG_CXX_LIBRARY = "libc++";
				CLANG_ENABLE_MODULES = YES;
				CLANG_ENABLE_OBJC_ARC = YES;
				CLANG_ENABLE_OBJC_WEAK = YES;
				CLANG_WARN_BLOCK_CAPTURE_AUTORELEASING = YES;
				CLANG_WARN_BOOL_CONVERSION = YES;
				CLANG_WARN_COMMA = YES;
				CLANG_WARN_CONSTANT_CONVERSION = YES;
				CLANG_WARN_DEPRECATED_OBJC_IMPLEMENTATIONS = YES;
				CLANG_WARN_DIRECT_OBJC_ISA_USAGE = YES_ERROR;
				CLANG_WARN_DOCUMENTATION_COMMENTS = YES;
				CLANG_WARN_EMPTY_BODY = YES;
				CLANG_WARN_ENUM_CONVERSION = YES;
				CLANG_WARN_INFINITE_RECURSION = YES;
				CLANG_WARN_INT_CONVERSION = YES;
				CLANG_WARN_NON_LITERAL_NULL_CONVERSION = YES;
				CLANG_WARN_OBJC_IMPLICIT_RETAIN_SELF = YES;
				CLANG_WARN_OBJC_LITERAL_CONVERSION = YES;
				CLANG_WARN_OBJC_ROOT_CLASS = YES_ERROR;
				CLANG_WARN_RANGE_LOOP_ANALYSIS = YES;
				CLANG_WARN_STRICT_PROTOTYPES = YES;
				CLANG_WARN_SUSPICIOUS_MOVE = YES;
				CLANG_WARN_UNGUARDED_AVAILABILITY = YES_AGGRESSIVE;
				CLANG_WARN_UNREACHABLE_CODE = YES;
				CLANG_WARN__DUPLICATE_METHOD_MATCH = YES;
				CODE_SIGN_IDENTITY = "iPhone Developer";
				COPY_PHASE_STRIP = NO;
				DEBUG_INFORMATION_FORMAT = "dwarf-with-dsym";
				ENABLE_NS_ASSERTIONS = NO;
				ENABLE_STRICT_OBJC_MSGSEND = YES;
				GCC_C_LANGUAGE_STANDARD = gnu11;
				GCC_NO_COMMON_BLOCKS = YES;
				GCC_WARN_64_TO_32_BIT_CONVERSION = YES;
				GCC_WARN_ABOUT_RETURN_TYPE = YES_ERROR;
				GCC_WARN_UNDECLARED_SELECTOR = YES;
				GCC_WARN_UNINITIALIZED_AUTOS = YES_AGGRESSIVE;
				GCC_WARN_UNUSED_FUNCTION = YES;
				GCC_WARN_UNUSED_VARIABLE = YES;
				IPHONEOS_DEPLOYMENT_TARGET = 12.4;
				MTL_ENABLE_DEBUG_INFO = NO;
				MTL_FAST_MATH = YES;
				SDKROOT = iphoneos;
				SWIFT_COMPILATION_MODE = wholemodule;
				SWIFT_OPTIMIZATION_LEVEL = "-O";
				VALIDATE_PRODUCT = YES;
			};
			name = Release;
		};
		4FE4475A22F26C88002F525A /* Debug */ = {
			isa = XCBuildConfiguration;
			buildSettings = {
				ASSETCATALOG_COMPILER_APPICON_NAME = AppIcon;
				CODE_SIGN_STYLE = Automatic;
				DEVELOPMENT_TEAM = JCRT56XX6N;
				INFOPLIST_FILE = "$(SRCROOT)/pinnacles/Info.plist";
				IPHONEOS_DEPLOYMENT_TARGET = 11.3.1;
				LD_RUNPATH_SEARCH_PATHS = (
					"$(inherited)",
					"@executable_path/Frameworks",
				);
				PRODUCT_BUNDLE_IDENTIFIER = com.mnvtrvd.pinnacles;
				PRODUCT_NAME = "$(TARGET_NAME)";
				SWIFT_VERSION = 5.0;
				TARGETED_DEVICE_FAMILY = "1,2";
			};
			name = Debug;
		};
		4FE4475B22F26C88002F525A /* Release */ = {
			isa = XCBuildConfiguration;
			buildSettings = {
				ASSETCATALOG_COMPILER_APPICON_NAME = AppIcon;
				CODE_SIGN_STYLE = Automatic;
				DEVELOPMENT_TEAM = JCRT56XX6N;
				INFOPLIST_FILE = "$(SRCROOT)/pinnacles/Info.plist";
				IPHONEOS_DEPLOYMENT_TARGET = 11.3.1;
				LD_RUNPATH_SEARCH_PATHS = (
					"$(inherited)",
					"@executable_path/Frameworks",
				);
				PRODUCT_BUNDLE_IDENTIFIER = com.mnvtrvd.pinnacles;
				PRODUCT_NAME = "$(TARGET_NAME)";
				SWIFT_VERSION = 5.0;
				TARGETED_DEVICE_FAMILY = "1,2";
			};
			name = Release;
		};
		4FE4475D22F26C88002F525A /* Debug */ = {
			isa = XCBuildConfiguration;
			buildSettings = {
				ALWAYS_EMBED_SWIFT_STANDARD_LIBRARIES = YES;
				BUNDLE_LOADER = "$(TEST_HOST)";
				CODE_SIGN_STYLE = Automatic;
				DEVELOPMENT_TEAM = JCRT56XX6N;
				INFOPLIST_FILE = "pinnacles personal workspaceTests/Info.plist";
				LD_RUNPATH_SEARCH_PATHS = (
					"$(inherited)",
					"@executable_path/Frameworks",
					"@loader_path/Frameworks",
				);
				PRODUCT_BUNDLE_IDENTIFIER = "com.mnvtrvd.pinnacles-personal-workspaceTests";
				PRODUCT_NAME = "$(TARGET_NAME)";
				SWIFT_VERSION = 5.0;
				TARGETED_DEVICE_FAMILY = "1,2";
				TEST_HOST = "$(BUILT_PRODUCTS_DIR)/pinnacles.app/pinnacles";
			};
			name = Debug;
		};
		4FE4475E22F26C88002F525A /* Release */ = {
			isa = XCBuildConfiguration;
			buildSettings = {
				ALWAYS_EMBED_SWIFT_STANDARD_LIBRARIES = YES;
				BUNDLE_LOADER = "$(TEST_HOST)";
				CODE_SIGN_STYLE = Automatic;
				DEVELOPMENT_TEAM = JCRT56XX6N;
				INFOPLIST_FILE = "pinnacles personal workspaceTests/Info.plist";
				LD_RUNPATH_SEARCH_PATHS = (
					"$(inherited)",
					"@executable_path/Frameworks",
					"@loader_path/Frameworks",
				);
				PRODUCT_BUNDLE_IDENTIFIER = "com.mnvtrvd.pinnacles-personal-workspaceTests";
				PRODUCT_NAME = "$(TARGET_NAME)";
				SWIFT_VERSION = 5.0;
				TARGETED_DEVICE_FAMILY = "1,2";
				TEST_HOST = "$(BUILT_PRODUCTS_DIR)/pinnacles.app/pinnacles";
			};
			name = Release;
		};
		4FE4476022F26C88002F525A /* Debug */ = {
			isa = XCBuildConfiguration;
			buildSettings = {
				ALWAYS_EMBED_SWIFT_STANDARD_LIBRARIES = YES;
				CODE_SIGN_STYLE = Automatic;
				DEVELOPMENT_TEAM = JCRT56XX6N;
				INFOPLIST_FILE = "pinnacles personal workspaceUITests/Info.plist";
				LD_RUNPATH_SEARCH_PATHS = (
					"$(inherited)",
					"@executable_path/Frameworks",
					"@loader_path/Frameworks",
				);
				PRODUCT_BUNDLE_IDENTIFIER = "com.mnvtrvd.pinnacles-personal-workspaceUITests";
				PRODUCT_NAME = "$(TARGET_NAME)";
				SWIFT_VERSION = 5.0;
				TARGETED_DEVICE_FAMILY = "1,2";
				TEST_TARGET_NAME = "pinnacles personal workspace";
			};
			name = Debug;
		};
		4FE4476122F26C88002F525A /* Release */ = {
			isa = XCBuildConfiguration;
			buildSettings = {
				ALWAYS_EMBED_SWIFT_STANDARD_LIBRARIES = YES;
				CODE_SIGN_STYLE = Automatic;
				DEVELOPMENT_TEAM = JCRT56XX6N;
				INFOPLIST_FILE = "pinnacles personal workspaceUITests/Info.plist";
				LD_RUNPATH_SEARCH_PATHS = (
					"$(inherited)",
					"@executable_path/Frameworks",
					"@loader_path/Frameworks",
				);
				PRODUCT_BUNDLE_IDENTIFIER = "com.mnvtrvd.pinnacles-personal-workspaceUITests";
				PRODUCT_NAME = "$(TARGET_NAME)";
				SWIFT_VERSION = 5.0;
				TARGETED_DEVICE_FAMILY = "1,2";
				TEST_TARGET_NAME = "pinnacles personal workspace";
			};
			name = Release;
		};
/* End XCBuildConfiguration section */

/* Begin XCConfigurationList section */
		4FE4472922F26C87002F525A /* Build configuration list for PBXProject "pinnacles" */ = {
			isa = XCConfigurationList;
			buildConfigurations = (
				4FE4475722F26C88002F525A /* Debug */,
				4FE4475822F26C88002F525A /* Release */,
			);
			defaultConfigurationIsVisible = 0;
			defaultConfigurationName = Release;
		};
		4FE4475922F26C88002F525A /* Build configuration list for PBXNativeTarget "pinnacles" */ = {
			isa = XCConfigurationList;
			buildConfigurations = (
				4FE4475A22F26C88002F525A /* Debug */,
				4FE4475B22F26C88002F525A /* Release */,
			);
			defaultConfigurationIsVisible = 0;
			defaultConfigurationName = Release;
		};
		4FE4475C22F26C88002F525A /* Build configuration list for PBXNativeTarget "pinnaclesTests" */ = {
			isa = XCConfigurationList;
			buildConfigurations = (
				4FE4475D22F26C88002F525A /* Debug */,
				4FE4475E22F26C88002F525A /* Release */,
			);
			defaultConfigurationIsVisible = 0;
			defaultConfigurationName = Release;
		};
		4FE4475F22F26C88002F525A /* Build configuration list for PBXNativeTarget "pinnaclesUITests" */ = {
			isa = XCConfigurationList;
			buildConfigurations = (
				4FE4476022F26C88002F525A /* Debug */,
				4FE4476122F26C88002F525A /* Release */,
			);
			defaultConfigurationIsVisible = 0;
			defaultConfigurationName = Release;
		};
/* End XCConfigurationList section */

/* Begin XCVersionGroup section */
		4FE4473822F26C87002F525A /* pinnacles.xcdatamodeld */ = {
			isa = XCVersionGroup;
			children = (
				4FE4473922F26C87002F525A /* pinnacles.xcdatamodel */,
			);
			currentVersion = 4FE4473922F26C87002F525A /* pinnacles.xcdatamodel */;
			path = pinnacles.xcdatamodeld;
			sourceTree = "<group>";
			versionGroupType = wrapper.xcdatamodel;
		};
/* End XCVersionGroup section */
	};
	rootObject = 4FE4472622F26C87002F525A /* Project object */;
}
